dependencies:
- name: nginx-ingress
  repository: https://helm.nginx.com/stable
  version: 1.2.0
- name: external-dns
  repository: https://kubernetes-sigs.github.io/external-dns/
  version: 1.19.0
- name: postgresql
  repository: https://charts.bitnami.com/bitnami
  version: 15.4.0
digest: sha256:e6b9d86e9dfcb685ec30dafe2f7ef2c1830954c5d76e836a0a34c518f9618da6
generated: "2026-08-04T00:17:22.396591-07:00"
