dependencies:
- name: nginx-ingress
  repository: https://helm.nginx.com/stable
  version: 1.2.0
- name: external-dns
  repository: https://kubernetes-sigs.github.io/external-dns/
  version: 1.19.0
digest: sha256:7297b22e51a317685b428472e20b7c191f5d72a2a67f644d94bc8f4b31584b6a
generated: "2026-08-04T20:26:12.213081-07:00"
